
Microsoft Visual Studio Solution File, Format Version 12.00
# Visual Studio Version 16
VisualStudioVersion = 16.0.32602.291
MinimumVisualStudioVersion = 10.0.40219.1
Project("{9A19103F-16F7-4668-BE54-9A1E7A4F7556}") = "AutoPartsShopAndForum", "AutoPartsShopAndForum\AutoPartsShopAndForum.csproj", "{6300320B-3FBB-4F78-BDD0-10F879BD6555}"
EndProject
Project("{2150E333-8FDC-42A3-9474-1A3956D46DE8}") = "Data", "Data", "{58A31092-3964-441A-BD61-A1FA8E399259}"
EndProject
Project("{2150E333-8FDC-42A3-9474-1A3956D46DE8}") = "Services", "Services", "{E56B3F44-541B-4B27-81EE-216E98B6E4EB}"
EndProject
Project("{2150E333-8FDC-42A3-9474-1A3956D46DE8}") = "Web", "Web", "{A10FBE83-0BD3-45BC-83DA-B433F5A54896}"
EndProject
Project("{9A19103F-16F7-4668-BE54-9A1E7A4F7556}") = "AutoPartsShopAndForum.Data", "AutoPartsShopAndForum.Data\AutoPartsShopAndForum.Data.csproj", "{FBF557CB-A8FD-41B8-91FC-C5D6A8FE334F}"
EndProject
Project("{9A19103F-16F7-4668-BE54-9A1E7A4F7556}") = "AutoPartsShopAndForum.Data.Models", "AutoPartsShopAndForum.Data.Models\AutoPartsShopAndForum.Data.Models.csproj", "{B57D9D01-FF66-43C4-9ABD-A4A431894FE5}"
EndProject
Project("{9A19103F-16F7-4668-BE54-9A1E7A4F7556}") = "AutoPartsShopAndForum.Services.Data", "AutoPartsShopAndForum.Services.Data\AutoPartsShopAndForum.Services.Data.csproj", "{78D1C261-037E-4F53-8B92-984608FE9D2D}"
EndProject
Project("{9A19103F-16F7-4668-BE54-9A1E7A4F7556}") = "AutoPartsShopAndForum.Services.Web", "AutoPartsShopAndForum.Services.Web\AutoPartsShopAndForum.Services.Web.csproj", "{12E483F1-F1C9-4BAA-8BA2-51948382040D}"
EndProject
Project("{2150E333-8FDC-42A3-9474-1A3956D46DE8}") = "MailSender", "MailSender", "{352D9FEF-FDFC-4781-A96D-9C68A2664457}"
EndProject
Project("{FAE04EC0-301F-11D3-BF4B-00C04F79EFBC}") = "MailSender.SMTP_MailKit", "MailSender.SMTP_MailKit\MailSender.SMTP_MailKit.csproj", "{0E6C98CD-87BC-4578-99B6-D5A9A7894608}"
EndProject
Global
	GlobalSection(SolutionConfigurationPlatforms) = preSolution
		Debug|Any CPU = Debug|Any CPU
		Release|Any CPU = Release|Any CPU
	EndGlobalSection
	GlobalSection(ProjectConfigurationPlatforms) = postSolution
		{6300320B-3FBB-4F78-BDD0-10F879BD6555}.Debug|Any CPU.ActiveCfg = Debug|Any CPU
		{6300320B-3FBB-4F78-BDD0-10F879BD6555}.Debug|Any CPU.Build.0 = Debug|Any CPU
		{6300320B-3FBB-4F78-BDD0-10F879BD6555}.Release|Any CPU.ActiveCfg = Release|Any CPU
		{6300320B-3FBB-4F78-BDD0-10F879BD6555}.Release|Any CPU.Build.0 = Release|Any CPU
		{FBF557CB-A8FD-41B8-91FC-C5D6A8FE334F}.Debug|Any CPU.ActiveCfg = Debug|Any CPU
		{FBF557CB-A8FD-41B8-91FC-C5D6A8FE334F}.Debug|Any CPU.Build.0 = Debug|Any CPU
		{FBF557CB-A8FD-41B8-91FC-C5D6A8FE334F}.Release|Any CPU.ActiveCfg = Release|Any CPU
		{FBF557CB-A8FD-41B8-91FC-C5D6A8FE334F}.Release|Any CPU.Build.0 = Release|Any CPU
		{B57D9D01-FF66-43C4-9ABD-A4A431894FE5}.Debug|Any CPU.ActiveCfg = Debug|Any CPU
		{B57D9D01-FF66-43C4-9ABD-A4A431894FE5}.Debug|Any CPU.Build.0 = Debug|Any CPU
		{B57D9D01-FF66-43C4-9ABD-A4A431894FE5}.Release|Any CPU.ActiveCfg = Release|Any CPU
		{B57D9D01-FF66-43C4-9ABD-A4A431894FE5}.Release|Any CPU.Build.0 = Release|Any CPU
		{78D1C261-037E-4F53-8B92-984608FE9D2D}.Debug|Any CPU.ActiveCfg = Debug|Any CPU
		{78D1C261-037E-4F53-8B92-984608FE9D2D}.Debug|Any CPU.Build.0 = Debug|Any CPU
		{78D1C261-037E-4F53-8B92-984608FE9D2D}.Release|Any CPU.ActiveCfg = Release|Any CPU
		{78D1C261-037E-4F53-8B92-984608FE9D2D}.Release|Any CPU.Build.0 = Release|Any CPU
		{12E483F1-F1C9-4BAA-8BA2-51948382040D}.Debug|Any CPU.ActiveCfg = Debug|Any CPU
		{12E483F1-F1C9-4BAA-8BA2-51948382040D}.Debug|Any CPU.Build.0 = Debug|Any CPU
		{12E483F1-F1C9-4BAA-8BA2-51948382040D}.Release|Any CPU.ActiveCfg = Release|Any CPU
		{12E483F1-F1C9-4BAA-8BA2-51948382040D}.Release|Any CPU.Build.0 = Release|Any CPU
		{0E6C98CD-87BC-4578-99B6-D5A9A7894608}.Debug|Any CPU.ActiveCfg = Debug|Any CPU
		{0E6C98CD-87BC-4578-99B6-D5A9A7894608}.Debug|Any CPU.Build.0 = Debug|Any CPU
		{0E6C98CD-87BC-4578-99B6-D5A9A7894608}.Release|Any CPU.ActiveCfg = Release|Any CPU
		{0E6C98CD-87BC-4578-99B6-D5A9A7894608}.Release|Any CPU.Build.0 = Release|Any CPU
	EndGlobalSection
	GlobalSection(SolutionProperties) = preSolution
		HideSolutionNode = FALSE
	EndGlobalSection
	GlobalSection(NestedProjects) = preSolution
		{6300320B-3FBB-4F78-BDD0-10F879BD6555} = {A10FBE83-0BD3-45BC-83DA-B433F5A54896}
		{FBF557CB-A8FD-41B8-91FC-C5D6A8FE334F} = {58A31092-3964-441A-BD61-A1FA8E399259}
		{B57D9D01-FF66-43C4-9ABD-A4A431894FE5} = {58A31092-3964-441A-BD61-A1FA8E399259}
		{78D1C261-037E-4F53-8B92-984608FE9D2D} = {E56B3F44-541B-4B27-81EE-216E98B6E4EB}
		{12E483F1-F1C9-4BAA-8BA2-51948382040D} = {E56B3F44-541B-4B27-81EE-216E98B6E4EB}
		{0E6C98CD-87BC-4578-99B6-D5A9A7894608} = {352D9FEF-FDFC-4781-A96D-9C68A2664457}
	EndGlobalSection
	GlobalSection(ExtensibilityGlobals) = postSolution
		SolutionGuid = {534F5598-F194-44E9-8873-242591981202}
	EndGlobalSection
EndGlobal
